
Microsoft Visual Studio Solution File, Format Version 12.00
# Visual Studio Version 16
VisualStudioVersion = 16.0.30907.101
MinimumVisualStudioVersion = 10.0.40219.1
Project("{FAE04EC0-301F-11D3-BF4B-00C04F79EFBC}") = "MusicStore.Web", "MusicStore.Web\MusicStore.Web.csproj", "{23135354-F64D-48A9-B1D9-54B42C7B5051}"
EndProject
Global
	GlobalSection(SolutionConfigurationPlatforms) = preSolution
		Debug|Any CPU = Debug|Any CPU
		Release|Any CPU = Release|Any CPU
	EndGlobalSection
	GlobalSection(ProjectConfigurationPlatforms) = postSolution
		{23135354-F64D-48A9-B1D9-54B42C7B5051}.Debug|Any CPU.ActiveCfg = Debug|Any CPU
		{23135354-F64D-48A9-B1D9-54B42C7B5051}.Debug|Any CPU.Build.0 = Debug|Any CPU
		{23135354-F64D-48A9-B1D9-54B42C7B5051}.Release|Any CPU.ActiveCfg = Release|Any CPU
		{23135354-F64D-48A9-B1D9-54B42C7B5051}.Release|Any CPU.Build.0 = Release|Any CPU
	EndGlobalSection
	GlobalSection(SolutionProperties) = preSolution
		HideSolutionNode = FALSE
	EndGlobalSection
	GlobalSection(ExtensibilityGlobals) = postSolution
		SolutionGuid = {97D29EB4-BF97-4E75-8108-D10C569B139B}
	EndGlobalSection
EndGlobal
